schema: '2.0'
stages:
  data_ingestion:
    cmd: python src/data/data_ingestion.py
    deps:
    - path: src/data/data_ingestion.py
      hash: md5
      md5: bbf3e3e2e6570e6770e50cefae05b8d8
      size: 3746
    params:
      params.yaml:
        data_ingestion.random_state: 42
        data_ingestion.test_size: 0.2
    outs:
    - path: data/raw/test.csv
      hash: md5
      md5: 85cb4f362b545d960c69b189439e17d9
      size: 61322660
    - path: data/raw/train.csv
      hash: md5
      md5: 300f0c00a0e4f35d50a3e8e82a776fb2
      size: 245223891
  data_preprocessing:
    cmd: python src/data/data_preprocessing.py
    deps:
    - path: data/raw/test.csv
      hash: md5
      md5: 85cb4f362b545d960c69b189439e17d9
      size: 61322660
    - path: data/raw/train.csv
      hash: md5
      md5: 300f0c00a0e4f35d50a3e8e82a776fb2
      size: 245223891
    - path: src/data/data_preprocessing.py
      hash: md5
      md5: 9cf9be6718adf7b0efb8cd177e883e93
      size: 3369
    outs:
    - path: data/processed/test.csv
      hash: md5
      md5: d68506f0448ded6a1fe1478c6cab8d5b
      size: 91277149
    - path: data/processed/train.csv
      hash: md5
      md5: 5f2c75a490c173ecc6b4471a709caa82
      size: 364991915
  feature_engineering:
    cmd: python src/features/feature_engineering.py
    deps:
    - path: data/processed/test.csv
      hash: md5
      md5: d68506f0448ded6a1fe1478c6cab8d5b
      size: 91277149
    - path: data/processed/train.csv
      hash: md5
      md5: 5f2c75a490c173ecc6b4471a709caa82
      size: 364991915
    - path: src/features/feature_engineering.py
      hash: md5
      md5: a9155c192684421a16bbda2beef59ced
      size: 3811
    params:
      params.yaml:
        feature_engineering.max_features: 50
    outs:
    - path: data/features/X_test.npy
      hash: md5
      md5: 7b64b133eb7e5babd8d09a3ffda93a58
      size: 45476528
    - path: data/features/X_train.npy
      hash: md5
      md5: df4d9d21f919be638b37a40fb3f97a68
      size: 181904928
    - path: data/features/y_test.npy
      hash: md5
      md5: 9c843ec2759bd62da551164bc8a260a3
      size: 227967
    - path: data/features/y_train.npy
      hash: md5
      md5: 0af01256e1e394900309ea33ebacdb49
      size: 911011
    - path: models/count_vectorizer.pkl
      hash: md5
      md5: e01c3163d5544fcaa04e9d07a69070c9
      size: 1859
  model_building:
    cmd: python scripts/model_building.py
    deps:
    - path: data/features/X_train.npy
      hash: md5
      md5: df4d9d21f919be638b37a40fb3f97a68
      size: 181904928
    - path: data/features/y_train.npy
      hash: md5
      md5: 0af01256e1e394900309ea33ebacdb49
      size: 911011
    - path: scripts/model_building.py
      hash: md5
      md5: 9b950c2c648d9779627f6142d5dee2df
      size: 1584
    params:
      params.yaml:
        model_building.max_iter: 1000
        model_building.random_state: 42
    outs:
    - path: models/logistic_regression.pkl
      hash: md5
      md5: cb35b4b84bdf37168309d4c35c401e16
      size: 2239
  model_evaluation:
    cmd: python scripts/model_evaluation.py
    deps:
    - path: data/features/X_test.npy
      hash: md5
      md5: 7b64b133eb7e5babd8d09a3ffda93a58
      size: 45476528
    - path: data/features/y_test.npy
      hash: md5
      md5: 9c843ec2759bd62da551164bc8a260a3
      size: 227967
    - path: models/logistic_regression.pkl
      hash: md5
      md5: cb35b4b84bdf37168309d4c35c401e16
      size: 2239
    - path: scripts/model_evaluation.py
      hash: md5
      md5: 98d884103c4d0d70e0486eb363d8301a
      size: 5776
    outs:
    - path: reports/metrics.json
      hash: md5
      md5: 07e99439b72010ada7183725836af0bc
      size: 143
  model_registry:
    cmd: python scripts/model_regestry.py --experiment_name 
      Logistic-Regression-baseline --model_name Product-Review-Sentiment-Model 
      --stage Staging
    deps:
    - path: reports/metrics.json
      hash: md5
      md5: 07e99439b72010ada7183725836af0bc
      size: 143
    - path: scripts/model_regestry.py
      hash: md5
      md5: 46f3f9247514b1a734d28bdf917e530f
      size: 6277
    outs:
    - path: reports/registry_status.txt
      hash: md5
      md5: 157245e1d1f85e4d35cffdf300539a87
      size: 82
  model_promotion:
    cmd: python scripts/model_promotion.py
    deps:
    - path: reports/registry_status.txt
      hash: md5
      md5: 157245e1d1f85e4d35cffdf300539a87
      size: 82
    - path: scripts/model_promotion.py
      hash: md5
      md5: 25ccd0e07b9ae7079eecbebb7137db33
      size: 2942
    params:
      params.yaml:
        model_promotion.model_name: Product-Review-Sentiment-Model
